
Microsoft Visual Studio Solution File, Format Version 12.00
# Visual Studio Version 16
VisualStudioVersion = 16.0.31613.86
MinimumVisualStudioVersion = 10.0.40219.1
Project("{FAE04EC0-301F-11D3-BF4B-00C04F79EFBC}") = "DungeonRun", "DungeonRun\DungeonRun.csproj", "{FE9F098D-310C-42A5-A687-36C50D823074}"
EndProject
Global
	GlobalSection(SolutionConfigurationPlatforms) = preSolution
		Debug|Any CPU = Debug|Any CPU
		Release|Any CPU = Release|Any CPU
	EndGlobalSection
	GlobalSection(ProjectConfigurationPlatforms) = postSolution
		{FE9F098D-310C-42A5-A687-36C50D823074}.Debug|Any CPU.ActiveCfg = Debug|Any CPU
		{FE9F098D-310C-42A5-A687-36C50D823074}.Debug|Any CPU.Build.0 = Debug|Any CPU
		{FE9F098D-310C-42A5-A687-36C50D823074}.Release|Any CPU.ActiveCfg = Release|Any CPU
		{FE9F098D-310C-42A5-A687-36C50D823074}.Release|Any CPU.Build.0 = Release|Any CPU
	EndGlobalSection
	GlobalSection(SolutionProperties) = preSolution
		HideSolutionNode = FALSE
	EndGlobalSection
	GlobalSection(ExtensibilityGlobals) = postSolution
		SolutionGuid = {8FA395B0-3368-4A10-A946-7BD920D0367E}
	EndGlobalSection
EndGlobal
